
Microsoft Visual Studio Solution File, Format Version 12.00
# Visual Studio Version 16
VisualStudioVersion = 25.0.1705.6
MinimumVisualStudioVersion = 10.0.40219.1
Project("{FAE04EC0-301F-11D3-BF4B-00C04F79EFBC}") = "ConnectFourGame", "ConnectFourGame\ConnectFourGame.csproj", "{CE09B017-CD9E-4AA2-8F4C-ACC3063DB787}"
EndProject
Global
	GlobalSection(SolutionConfigurationPlatforms) = preSolution
		Debug|Any CPU = Debug|Any CPU
		Release|Any CPU = Release|Any CPU
	EndGlobalSection
	GlobalSection(ProjectConfigurationPlatforms) = postSolution
		{CE09B017-CD9E-4AA2-8F4C-ACC3063DB787}.Debug|Any CPU.ActiveCfg = Debug|Any CPU
		{CE09B017-CD9E-4AA2-8F4C-ACC3063DB787}.Debug|Any CPU.Build.0 = Debug|Any CPU
		{CE09B017-CD9E-4AA2-8F4C-ACC3063DB787}.Release|Any CPU.ActiveCfg = Release|Any CPU
		{CE09B017-CD9E-4AA2-8F4C-ACC3063DB787}.Release|Any CPU.Build.0 = Release|Any CPU
	EndGlobalSection
	GlobalSection(SolutionProperties) = preSolution
		HideSolutionNode = FALSE
	EndGlobalSection
	GlobalSection(ExtensibilityGlobals) = postSolution
		SolutionGuid = {CFCAB095-526D-4A58-9509-49A6B977A4ED}
	EndGlobalSection
EndGlobal
